
Microsoft Visual Studio Solution File, Format Version 12.00
# Visual Studio Version 16
VisualStudioVersion = 16.0.31025.194
MinimumVisualStudioVersion = 10.0.40219.1
Project("{FAE04EC0-301F-11D3-BF4B-00C04F79EFBC}") = "MemoryReadTest1", "MemoryReadTest1\MemoryReadTest1.csproj", "{CBBDB9A8-5E2F-4041-8233-F92D86C4AD90}"
EndProject
Global
	GlobalSection(SolutionConfigurationPlatforms) = preSolution
		Debug|Any CPU = Debug|Any CPU
		Release|Any CPU = Release|Any CPU
	EndGlobalSection
	GlobalSection(ProjectConfigurationPlatforms) = postSolution
		{CBBDB9A8-5E2F-4041-8233-F92D86C4AD90}.Debug|Any CPU.ActiveCfg = Debug|Any CPU
		{CBBDB9A8-5E2F-4041-8233-F92D86C4AD90}.Debug|Any CPU.Build.0 = Debug|Any CPU
		{CBBDB9A8-5E2F-4041-8233-F92D86C4AD90}.Release|Any CPU.ActiveCfg = Release|Any CPU
		{CBBDB9A8-5E2F-4041-8233-F92D86C4AD90}.Release|Any CPU.Build.0 = Release|Any CPU
	EndGlobalSection
	GlobalSection(SolutionProperties) = preSolution
		HideSolutionNode = FALSE
	EndGlobalSection
	GlobalSection(ExtensibilityGlobals) = postSolution
		SolutionGuid = {28E8B61B-4672-4CBE-8D17-05189477DA90}
	EndGlobalSection
EndGlobal
